
Microsoft Visual Studio Solution File, Format Version 12.00
# Visual Studio 15
VisualStudioVersion = 15.0.28010.2048
MinimumVisualStudioVersion = 10.0.40219.1
Project("{FAE04EC0-301F-11D3-BF4B-00C04F79EFBC}") = "zad02", "zad02.csproj", "{2FD1ECB8-2199-489F-8EF6-0C3CF7154610}"
EndProject
Global
	GlobalSection(SolutionConfigurationPlatforms) = preSolution
		Debug|Any CPU = Debug|Any CPU
		Release|Any CPU = Release|Any CPU
	EndGlobalSection
	GlobalSection(ProjectConfigurationPlatforms) = postSolution
		{2FD1ECB8-2199-489F-8EF6-0C3CF7154610}.Debug|Any CPU.ActiveCfg = Debug|Any CPU
		{2FD1ECB8-2199-489F-8EF6-0C3CF7154610}.Debug|Any CPU.Build.0 = Debug|Any CPU
		{2FD1ECB8-2199-489F-8EF6-0C3CF7154610}.Release|Any CPU.ActiveCfg = Release|Any CPU
		{2FD1ECB8-2199-489F-8EF6-0C3CF7154610}.Release|Any CPU.Build.0 = Release|Any CPU
	EndGlobalSection
	GlobalSection(SolutionProperties) = preSolution
		HideSolutionNode = FALSE
	EndGlobalSection
	GlobalSection(ExtensibilityGlobals) = postSolution
		SolutionGuid = {49D6F14E-0295-487C-983D-3CC325D57F92}
	EndGlobalSection
EndGlobal
