
Microsoft Visual Studio Solution File, Format Version 12.00
# Visual Studio 15
VisualStudioVersion = 15.0.28010.2048
MinimumVisualStudioVersion = 10.0.40219.1
Project("{FAE04EC0-301F-11D3-BF4B-00C04F79EFBC}") = "zad01", "zad01.csproj", "{991CE834-592D-47A4-9BEB-91E99FE676F6}"
EndProject
Global
	GlobalSection(SolutionConfigurationPlatforms) = preSolution
		Debug|Any CPU = Debug|Any CPU
		Release|Any CPU = Release|Any CPU
	EndGlobalSection
	GlobalSection(ProjectConfigurationPlatforms) = postSolution
		{991CE834-592D-47A4-9BEB-91E99FE676F6}.Debug|Any CPU.ActiveCfg = Debug|Any CPU
		{991CE834-592D-47A4-9BEB-91E99FE676F6}.Debug|Any CPU.Build.0 = Debug|Any CPU
		{991CE834-592D-47A4-9BEB-91E99FE676F6}.Release|Any CPU.ActiveCfg = Release|Any CPU
		{991CE834-592D-47A4-9BEB-91E99FE676F6}.Release|Any CPU.Build.0 = Release|Any CPU
	EndGlobalSection
	GlobalSection(SolutionProperties) = preSolution
		HideSolutionNode = FALSE
	EndGlobalSection
	GlobalSection(ExtensibilityGlobals) = postSolution
		SolutionGuid = {2766CB9B-1944-4C71-BE38-D43788232332}
	EndGlobalSection
EndGlobal
