
Microsoft Visual Studio Solution File, Format Version 12.00
# Visual Studio 15
VisualStudioVersion = 15.0.28010.2048
MinimumVisualStudioVersion = 10.0.40219.1
Project("{FAE04EC0-301F-11D3-BF4B-00C04F79EFBC}") = "zad01", "zad01.csproj", "{13320078-A1AD-474C-941D-BC0EF2D5408F}"
EndProject
Global
	GlobalSection(SolutionConfigurationPlatforms) = preSolution
		Debug|Any CPU = Debug|Any CPU
		Release|Any CPU = Release|Any CPU
	EndGlobalSection
	GlobalSection(ProjectConfigurationPlatforms) = postSolution
		{13320078-A1AD-474C-941D-BC0EF2D5408F}.Debug|Any CPU.ActiveCfg = Debug|Any CPU
		{13320078-A1AD-474C-941D-BC0EF2D5408F}.Debug|Any CPU.Build.0 = Debug|Any CPU
		{13320078-A1AD-474C-941D-BC0EF2D5408F}.Release|Any CPU.ActiveCfg = Release|Any CPU
		{13320078-A1AD-474C-941D-BC0EF2D5408F}.Release|Any CPU.Build.0 = Release|Any CPU
	EndGlobalSection
	GlobalSection(SolutionProperties) = preSolution
		HideSolutionNode = FALSE
	EndGlobalSection
	GlobalSection(ExtensibilityGlobals) = postSolution
		SolutionGuid = {143ED9D7-2C10-40E1-8CBE-C54B6DEA56A7}
	EndGlobalSection
EndGlobal
