
Microsoft Visual Studio Solution File, Format Version 12.00
# Visual Studio 15
VisualStudioVersion = 15.0.28010.2048
MinimumVisualStudioVersion = 10.0.40219.1
Project("{FAE04EC0-301F-11D3-BF4B-00C04F79EFBC}") = "zad02", "zad02.csproj", "{96855D54-6B92-490B-8702-C9A8755FF334}"
EndProject
Global
	GlobalSection(SolutionConfigurationPlatforms) = preSolution
		Debug|Any CPU = Debug|Any CPU
		Release|Any CPU = Release|Any CPU
	EndGlobalSection
	GlobalSection(ProjectConfigurationPlatforms) = postSolution
		{96855D54-6B92-490B-8702-C9A8755FF334}.Debug|Any CPU.ActiveCfg = Debug|Any CPU
		{96855D54-6B92-490B-8702-C9A8755FF334}.Debug|Any CPU.Build.0 = Debug|Any CPU
		{96855D54-6B92-490B-8702-C9A8755FF334}.Release|Any CPU.ActiveCfg = Release|Any CPU
		{96855D54-6B92-490B-8702-C9A8755FF334}.Release|Any CPU.Build.0 = Release|Any CPU
	EndGlobalSection
	GlobalSection(SolutionProperties) = preSolution
		HideSolutionNode = FALSE
	EndGlobalSection
	GlobalSection(ExtensibilityGlobals) = postSolution
		SolutionGuid = {724102B2-F64D-46D9-A6FD-C3FA5A009C59}
	EndGlobalSection
EndGlobal
